{
  "originHash" : "f84ba7aa4736953a9896a5ee5bf613ee4a3cb88ec96f339a4421839a794c9c1f",
  "pins" : [
    {
      "identity" : "grdb.swift",
      "kind" : "remoteSourceControl",
      "location" : "https://github.com/groue/GRDB.swift.git",
      "state" : {
        "branch" : "master",
        "revision" : "c7205b172f38439e7ee62c208d1d76fa353c0a81"
      }
    },
    {
      "identity" : "grdbquery",
      "kind" : "remoteSourceControl",
      "location" : "https://github.com/groue/GRDBQuery",
      "state" : {
        "revision" : "f279a57b7ba5749c05d347751a2f572f8759a7d2",
        "version" : "0.10.1"
      }
    },
    {
      "identity" : "sentry-cocoa",
      "kind" : "remoteSourceControl",
      "location" : "https://github.com/getsentry/sentry-cocoa.git",
      "state" : {
        "revision" : "3640aaf7849a9fc39996d777e6df866251bb98d6",
        "version" : "8.45.0"
      }
    }
  ],
  "version" : 3
}
